
Microsoft Visual Studio Solution File, Format Version 12.00
# Visual Studio 15
VisualStudioVersion = 15.0.27130.2036
MinimumVisualStudioVersion = 10.0.40219.1
Project("{9A19103F-16F7-4668-BE54-9A1E7A4F7556}") = "GarageBet.Api", "GarageBet.Api\GarageBet.Api.csproj", "{50D27449-D6D3-4FF5-9E43-B9076C4A202B}"
EndProject
Global
	GlobalSection(SolutionConfigurationPlatforms) = preSolution
		Debug|Any CPU = Debug|Any CPU
		Release|Any CPU = Release|Any CPU
	EndGlobalSection
	GlobalSection(ProjectConfigurationPlatforms) = postSolution
		{50D27449-D6D3-4FF5-9E43-B9076C4A202B}.Debug|Any CPU.ActiveCfg = Debug|Any CPU
		{50D27449-D6D3-4FF5-9E43-B9076C4A202B}.Debug|Any CPU.Build.0 = Debug|Any CPU
		{50D27449-D6D3-4FF5-9E43-B9076C4A202B}.Release|Any CPU.ActiveCfg = Release|Any CPU
		{50D27449-D6D3-4FF5-9E43-B9076C4A202B}.Release|Any CPU.Build.0 = Release|Any CPU
	EndGlobalSection
	GlobalSection(SolutionProperties) = preSolution
		HideSolutionNode = FALSE
	EndGlobalSection
	GlobalSection(ExtensibilityGlobals) = postSolution
		SolutionGuid = {52D79CD6-B636-4572-9898-F5BE763FFEE6}
	EndGlobalSection
EndGlobal
